
Microsoft Visual Studio Solution File, Format Version 12.00
# Visual Studio Version 16
VisualStudioVersion = 16.0.30523.141
MinimumVisualStudioVersion = 10.0.40219.1
Project("{FAE04EC0-301F-11D3-BF4B-00C04F79EFBC}") = "Presentacion", "Presentacion\Presentacion.csproj", "{B8407A40-D28E-49F1-A55F-98C8AF627A85}"
EndProject
Project("{FAE04EC0-301F-11D3-BF4B-00C04F79EFBC}") = "BLL", "BLL\BLL.csproj", "{DA97246A-0136-4F4D-A4E7-3112175C221A}"
EndProject
Project("{FAE04EC0-301F-11D3-BF4B-00C04F79EFBC}") = "DAL", "DAL\DAL.csproj", "{87F956DF-A4BB-4FAA-9BD0-8F91D08D3B67}"
EndProject
Project("{FAE04EC0-301F-11D3-BF4B-00C04F79EFBC}") = "Entity", "Entity\Entity.csproj", "{6C4CAB6B-1A27-4FE6-8F95-F49F46F5F460}"
EndProject
Project("{FAE04EC0-301F-11D3-BF4B-00C04F79EFBC}") = "PresentacionGUI", "PresentacionGUI\PresentacionGUI.csproj", "{F4FA2DF6-C65F-4B6D-8767-A9FF0A9CA2F4}"
EndProject
Global
	GlobalSection(SolutionConfigurationPlatforms) = preSolution
		Debug|Any CPU = Debug|Any CPU
		Release|Any CPU = Release|Any CPU
	EndGlobalSection
	GlobalSection(ProjectConfigurationPlatforms) = postSolution
		{B8407A40-D28E-49F1-A55F-98C8AF627A85}.Debug|Any CPU.ActiveCfg = Debug|Any CPU
		{B8407A40-D28E-49F1-A55F-98C8AF627A85}.Debug|Any CPU.Build.0 = Debug|Any CPU
		{B8407A40-D28E-49F1-A55F-98C8AF627A85}.Release|Any CPU.ActiveCfg = Release|Any CPU
		{B8407A40-D28E-49F1-A55F-98C8AF627A85}.Release|Any CPU.Build.0 = Release|Any CPU
		{DA97246A-0136-4F4D-A4E7-3112175C221A}.Debug|Any CPU.ActiveCfg = Debug|Any CPU
		{DA97246A-0136-4F4D-A4E7-3112175C221A}.Debug|Any CPU.Build.0 = Debug|Any CPU
		{DA97246A-0136-4F4D-A4E7-3112175C221A}.Release|Any CPU.ActiveCfg = Release|Any CPU
		{DA97246A-0136-4F4D-A4E7-3112175C221A}.Release|Any CPU.Build.0 = Release|Any CPU
		{87F956DF-A4BB-4FAA-9BD0-8F91D08D3B67}.Debug|Any CPU.ActiveCfg = Debug|Any CPU
		{87F956DF-A4BB-4FAA-9BD0-8F91D08D3B67}.Debug|Any CPU.Build.0 = Debug|Any CPU
		{87F956DF-A4BB-4FAA-9BD0-8F91D08D3B67}.Release|Any CPU.ActiveCfg = Release|Any CPU
		{87F956DF-A4BB-4FAA-9BD0-8F91D08D3B67}.Release|Any CPU.Build.0 = Release|Any CPU
		{6C4CAB6B-1A27-4FE6-8F95-F49F46F5F460}.Debug|Any CPU.ActiveCfg = Debug|Any CPU
		{6C4CAB6B-1A27-4FE6-8F95-F49F46F5F460}.Debug|Any CPU.Build.0 = Debug|Any CPU
		{6C4CAB6B-1A27-4FE6-8F95-F49F46F5F460}.Release|Any CPU.ActiveCfg = Release|Any CPU
		{6C4CAB6B-1A27-4FE6-8F95-F49F46F5F460}.Release|Any CPU.Build.0 = Release|Any CPU
		{F4FA2DF6-C65F-4B6D-8767-A9FF0A9CA2F4}.Debug|Any CPU.ActiveCfg = Debug|Any CPU
		{F4FA2DF6-C65F-4B6D-8767-A9FF0A9CA2F4}.Debug|Any CPU.Build.0 = Debug|Any CPU
		{F4FA2DF6-C65F-4B6D-8767-A9FF0A9CA2F4}.Release|Any CPU.ActiveCfg = Release|Any CPU
		{F4FA2DF6-C65F-4B6D-8767-A9FF0A9CA2F4}.Release|Any CPU.Build.0 = Release|Any CPU
	EndGlobalSection
	GlobalSection(SolutionProperties) = preSolution
		HideSolutionNode = FALSE
	EndGlobalSection
	GlobalSection(ExtensibilityGlobals) = postSolution
		SolutionGuid = {9F9B2918-9C75-43FE-864A-9BDE9AFF7878}
	EndGlobalSection
EndGlobal
